
Microsoft Visual Studio Solution File, Format Version 12.00
# Visual Studio 15
VisualStudioVersion = 15.0.27130.0
MinimumVisualStudioVersion = 10.0.40219.1
Project("{FAE04EC0-301F-11D3-BF4B-00C04F79EFBC}") = "Design_Patern_Command", "Design_Patern_Command\Design_Patern_Command.csproj", "{812EDB7C-4CBB-4BEA-AE64-BCEB97AAC275}"
EndProject
Global
	GlobalSection(SolutionConfigurationPlatforms) = preSolution
		Debug|Any CPU = Debug|Any CPU
		Release|Any CPU = Release|Any CPU
	EndGlobalSection
	GlobalSection(ProjectConfigurationPlatforms) = postSolution
		{812EDB7C-4CBB-4BEA-AE64-BCEB97AAC275}.Debug|Any CPU.ActiveCfg = Debug|Any CPU
		{812EDB7C-4CBB-4BEA-AE64-BCEB97AAC275}.Debug|Any CPU.Build.0 = Debug|Any CPU
		{812EDB7C-4CBB-4BEA-AE64-BCEB97AAC275}.Release|Any CPU.ActiveCfg = Release|Any CPU
		{812EDB7C-4CBB-4BEA-AE64-BCEB97AAC275}.Release|Any CPU.Build.0 = Release|Any CPU
	EndGlobalSection
	GlobalSection(SolutionProperties) = preSolution
		HideSolutionNode = FALSE
	EndGlobalSection
	GlobalSection(ExtensibilityGlobals) = postSolution
		SolutionGuid = {1D8472EE-668C-4449-B5C7-F22B619D0FAF}
	EndGlobalSection
EndGlobal
